
Microsoft Visual Studio Solution File, Format Version 12.00
# Visual Studio 2012
Project("{FAE04EC0-301F-11D3-BF4B-00C04F79EFBC}") = "FlexDemo.Android", "FlexDemo.Android.csproj", "{0C033543-5CC1-4E53-B5F2-1B37A0077401}"
EndProject
Global
	GlobalSection(SolutionConfigurationPlatforms) = preSolution
		Debug|Any CPU = Debug|Any CPU
		Release|Any CPU = Release|Any CPU
	EndGlobalSection
	GlobalSection(ProjectConfigurationPlatforms) = postSolution
		{0C033543-5CC1-4E53-B5F2-1B37A0077401}.Debug|Any CPU.ActiveCfg = Debug|Any CPU
		{0C033543-5CC1-4E53-B5F2-1B37A0077401}.Debug|Any CPU.Build.0 = Debug|Any CPU
		{0C033543-5CC1-4E53-B5F2-1B37A0077401}.Release|Any CPU.ActiveCfg = Release|Any CPU
		{0C033543-5CC1-4E53-B5F2-1B37A0077401}.Release|Any CPU.Build.0 = Release|Any CPU
	EndGlobalSection
EndGlobal
